
Microsoft Visual Studio Solution File, Format Version 12.00
# Visual Studio Version 17
VisualStudioVersion = 17.0.32014.148
MinimumVisualStudioVersion = 10.0.40219.1
Project("{FAE04EC0-301F-11D3-BF4B-00C04F79EFBC}") = "ExercInheritanceAbs2", "ExercInheritanceAbs2\ExercInheritanceAbs2.csproj", "{641CD19D-F898-40F6-B7AF-3BC62114A7D1}"
EndProject
Global
	GlobalSection(SolutionConfigurationPlatforms) = preSolution
		Debug|Any CPU = Debug|Any CPU
		Release|Any CPU = Release|Any CPU
	EndGlobalSection
	GlobalSection(ProjectConfigurationPlatforms) = postSolution
		{641CD19D-F898-40F6-B7AF-3BC62114A7D1}.Debug|Any CPU.ActiveCfg = Debug|Any CPU
		{641CD19D-F898-40F6-B7AF-3BC62114A7D1}.Debug|Any CPU.Build.0 = Debug|Any CPU
		{641CD19D-F898-40F6-B7AF-3BC62114A7D1}.Release|Any CPU.ActiveCfg = Release|Any CPU
		{641CD19D-F898-40F6-B7AF-3BC62114A7D1}.Release|Any CPU.Build.0 = Release|Any CPU
	EndGlobalSection
	GlobalSection(SolutionProperties) = preSolution
		HideSolutionNode = FALSE
	EndGlobalSection
	GlobalSection(ExtensibilityGlobals) = postSolution
		SolutionGuid = {525466A0-6CA5-4141-9219-517521BF5F2C}
	EndGlobalSection
EndGlobal
